{
  "pins" : [
    {
      "identity" : "sdwebimage",
      "kind" : "remoteSourceControl",
      "location" : "https://github.com/SDWebImage/SDWebImage",
      "state" : {
        "branch" : "master",
        "revision" : "86e9185ef41c4238a93ad8efe61ddeb701e80bbf"
      }
    }
  ],
  "version" : 2
}
